// !$*UTF8*$!
{
	archiveVersion = 1;
	classes = {
	};
	objectVersion = 46;
	objects = {

/* Begin PBXBuildFile section */
		05D443C710B1EAA36FC50B79 /* Pods_calendar.framework in Frameworks */ = {isa = PBXBuildFile; fileRef = A8827EFB636FF90B4F2E62E2 /* Pods_calendar.framework */; };
		A612A1CC4779420875FF80FF /* Pods_calendarTests.framework in Frameworks */ = {isa = PBXBuildFile; fileRef = D92FB37953C7D44BE715379B /* Pods_calendarTests.framework */; };
		BF2E1C301E778EAC0085C9B5 /* CalendarCollectionViewCell.swift in Sources */ = {isa = PBXBuildFile; fileRef = BF2E1C2E1E778EAC0085C9B5 /* CalendarCollectionViewCell.swift */; };
		BF2E1C311E778EAC0085C9B5 /* CalendarCollection.swift in Sources */ = {isa = PBXBuildFile; fileRef = BF2E1C2F1E778EAC0085C9B5 /* CalendarCollection.swift */; };
		BF2E1C351E7790810085C9B5 /* DateManager.swift in Sources */ = {isa = PBXBuildFile; fileRef = BF2E1C341E7790810085C9B5 /* DateManager.swift */; };
		BF9842771EB78320004F2B6B /* CalendarTableView.swift in Sources */ = {isa = PBXBuildFile; fileRef = BF9842761EB78320004F2B6B /* CalendarTableView.swift */; };
		BF9842791EB7A157004F2B6B /* TDBadgeCell.swift in Sources */ = {isa = PBXBuildFile; fileRef = BF9842781EB7A157004F2B6B /* TDBadgeCell.swift */; };
		BF9940F61EBAC85E008A984B /* GoogleService-Info.plist in Resources */ = {isa = PBXBuildFile; fileRef = BF9940F51EBAC85E008A984B /* GoogleService-Info.plist */; };
		BF9940F71EBAC85E008A984B /* GoogleService-Info.plist in Resources */ = {isa = PBXBuildFile; fileRef = BF9940F51EBAC85E008A984B /* GoogleService-Info.plist */; };
		BF9940F81EBAC85E008A984B /* GoogleService-Info.plist in Resources */ = {isa = PBXBuildFile; fileRef = BF9940F51EBAC85E008A984B /* GoogleService-Info.plist */; };
		BF9941001EBB74AA008A984B /* setting.png in Resources */ = {isa = PBXBuildFile; fileRef = BF9940FF1EBB74AA008A984B /* setting.png */; };
		BF9941021EBB7744008A984B /* SettingViewController.swift in Sources */ = {isa = PBXBuildFile; fileRef = BF9941011EBB7744008A984B /* SettingViewController.swift */; };
		BFAAABBB1E778A28008EF199 /* AppDelegate.swift in Sources */ = {isa = PBXBuildFile; fileRef = BFAAABBA1E778A28008EF199 /* AppDelegate.swift */; };
		BFAAABBD1E778A28008EF199 /* ViewController.swift in Sources */ = {isa = PBXBuildFile; fileRef = BFAAABBC1E778A28008EF199 /* ViewController.swift */; };
		BFAAABC01E778A28008EF199 /* Main.storyboard in Resources */ = {isa = PBXBuildFile; fileRef = BFAAABBE1E778A28008EF199 /* Main.storyboard */; };
		BFAAABC21E778A28008EF199 /* Assets.xcassets in Resources */ = {isa = PBXBuildFile; fileRef = BFAAABC11E778A28008EF199 /* Assets.xcassets */; };
		BFAAABC51E778A28008EF199 /* LaunchScreen.storyboard in Resources */ = {isa = PBXBuildFile; fileRef = BFAAABC31E778A28008EF199 /* LaunchScreen.storyboard */; };
		BFAAABD01E778A28008EF199 /* calendarTests.swift in Sources */ = {isa = PBXBuildFile; fileRef = BFAAABCF1E778A28008EF199 /* calendarTests.swift */; };
		BFAAABDB1E778A28008EF199 /* calendarUITests.swift in Sources */ = {isa = PBXBuildFile; fileRef = BFAAABDA1E778A28008EF199 /* calendarUITests.swift */; };
		BFE64C641EB5C3B600B68FB1 /* CalendarView.swift in Sources */ = {isa = PBXBuildFile; fileRef = BFE64C631EB5C3B600B68FB1 /* CalendarView.swift */; };
		D9EB352666D7C51B6B945DCA /* Pods_calendarUITests.framework in Frameworks */ = {isa = PBXBuildFile; fileRef = 477D4BDBFDEA174BED4974BA /* Pods_calendarUITests.framework */; };
/* End PBXBuildFile section */

/* Begin PBXContainerItemProxy section */
		BFAAABCC1E778A28008EF199 /* PBXContainerItemProxy */ = {
			isa = PBXContainerItemProxy;
			containerPortal = BFAAABAF1E778A28008EF199 /* Project object */;
			proxyType = 1;
			remoteGlobalIDString = BFAAABB61E778A28008EF199;
			remoteInfo = calendar;
		};
		BFAAABD71E778A28008EF199 /* PBXContainerItemProxy */ = {
			isa = PBXContainerItemProxy;
			containerPortal = BFAAABAF1E778A28008EF199 /* Project object */;
			proxyType = 1;
			remoteGlobalIDString = BFAAABB61E778A28008EF199;
			remoteInfo = calendar;
		};
/* End PBXContainerItemProxy section */

/* Begin PBXFileReference section */
		1B81F86F9BCCB6297A3D639C /* Pods-calendarTests.release.xcconfig */ = {isa = PBXFileReference; includeInIndex = 1; lastKnownFileType = text.xcconfig; name = "Pods-calendarTests.release.xcconfig"; path = "Pods/Target Support Files/Pods-calendarTests/Pods-calendarTests.release.xcconfig"; sourceTree = "<group>"; };
		477D4BDBFDEA174BED4974BA /* Pods_calendarUITests.framework */ = {isa = PBXFileReference; explicitFileType = wrapper.framework; includeInIndex = 0; path = Pods_calendarUITests.framework; sourceTree = BUILT_PRODUCTS_DIR; };
		5DDF4158B5B3712B584484A0 /* Pods-calendar.release.xcconfig */ = {isa = PBXFileReference; includeInIndex = 1; lastKnownFileType = text.xcconfig; name = "Pods-calendar.release.xcconfig"; path = "Pods/Target Support Files/Pods-calendar/Pods-calendar.release.xcconfig"; sourceTree = "<group>"; };
		8EF4827D59C9D7BC35A21838 /* Pods-calendarTests.debug.xcconfig */ = {isa = PBXFileReference; includeInIndex = 1; lastKnownFileType = text.xcconfig; name = "Pods-calendarTests.debug.xcconfig"; path = "Pods/Target Support Files/Pods-calendarTests/Pods-calendarTests.debug.xcconfig"; sourceTree = "<group>"; };
		95457239B96156ED18AE4C9B /* Pods-calendar.debug.xcconfig */ = {isa = PBXFileReference; includeInIndex = 1; lastKnownFileType = text.xcconfig; name = "Pods-calendar.debug.xcconfig"; path = "Pods/Target Support Files/Pods-calendar/Pods-calendar.debug.xcconfig"; sourceTree = "<group>"; };
		A8827EFB636FF90B4F2E62E2 /* Pods_calendar.framework */ = {isa = PBXFileReference; explicitFileType = wrapper.framework; includeInIndex = 0; path = Pods_calendar.framework; sourceTree = BUILT_PRODUCTS_DIR; };
		BF2E1C2E1E778EAC0085C9B5 /* CalendarCollectionViewCell.swift */ = {isa = PBXFileReference; fileEncoding = 4; lastKnownFileType = sourcecode.swift; path = CalendarCollectionViewCell.swift; sourceTree = "<group>"; };
		BF2E1C2F1E778EAC0085C9B5 /* CalendarCollection.swift */ = {isa = PBXFileReference; fileEncoding = 4; lastKnownFileType = sourcecode.swift; path = CalendarCollection.swift; sourceTree = "<group>"; };
		BF2E1C341E7790810085C9B5 /* DateManager.swift */ = {isa = PBXFileReference; fileEncoding = 4; lastKnownFileType = sourcecode.swift; path = DateManager.swift; sourceTree = "<group>"; };
		BF9842761EB78320004F2B6B /* CalendarTableView.swift */ = {isa = PBXFileReference; fileEncoding = 4; lastKnownFileType = sourcecode.swift; path = CalendarTableView.swift; sourceTree = "<group>"; };
		BF9842781EB7A157004F2B6B /* TDBadgeCell.swift */ = {isa = PBXFileReference; fileEncoding = 4; lastKnownFileType = sourcecode.swift; path = TDBadgeCell.swift; sourceTree = "<group>"; };
		BF9940F51EBAC85E008A984B /* GoogleService-Info.plist */ = {isa = PBXFileReference; fileEncoding = 4; lastKnownFileType = text.plist.xml; path = "GoogleService-Info.plist"; sourceTree = "<group>"; };
		BF9940F91EBAD66B008A984B /* Bridging-Header.h */ = {isa = PBXFileReference; fileEncoding = 4; lastKnownFileType = sourcecode.c.h; path = "Bridging-Header.h"; sourceTree = "<group>"; };
		BF9940FF1EBB74AA008A984B /* setting.png */ = {isa = PBXFileReference; lastKnownFileType = image.png; path = setting.png; sourceTree = "<group>"; };
		BF9941011EBB7744008A984B /* SettingViewController.swift */ = {isa = PBXFileReference; fileEncoding = 4; lastKnownFileType = sourcecode.swift; path = SettingViewController.swift; sourceTree = "<group>"; };
		BFAAABB71E778A28008EF199 /* calendar.app */ = {isa = PBXFileReference; explicitFileType = wrapper.application; includeInIndex = 0; path = calendar.app; sourceTree = BUILT_PRODUCTS_DIR; };
		BFAAABBA1E778A28008EF199 /* AppDelegate.swift */ = {isa = PBXFileReference; lastKnownFileType = sourcecode.swift; path = AppDelegate.swift; sourceTree = "<group>"; };
		BFAAABBC1E778A28008EF199 /* ViewController.swift */ = {isa = PBXFileReference; lastKnownFileType = sourcecode.swift; path = ViewController.swift; sourceTree = "<group>"; };
		BFAAABBF1E778A28008EF199 /* Base */ = {isa = PBXFileReference; lastKnownFileType = file.storyboard; name = Base; path = Base.lproj/Main.storyboard; sourceTree = "<group>"; };
		BFAAABC11E778A28008EF199 /* Assets.xcassets */ = {isa = PBXFileReference; lastKnownFileType = folder.assetcatalog; path = Assets.xcassets; sourceTree = "<group>"; };
		BFAAABC41E778A28008EF199 /* Base */ = {isa = PBXFileReference; lastKnownFileType = file.storyboard; name = Base; path = Base.lproj/LaunchScreen.storyboard; sourceTree = "<group>"; };
		BFAAABC61E778A28008EF199 /* Info.plist */ = {isa = PBXFileReference; lastKnownFileType = text.plist.xml; path = Info.plist; sourceTree = "<group>"; };
		BFAAABCB1E778A28008EF199 /* calendarTests.xctest */ = {isa = PBXFileReference; explicitFileType = wrapper.cfbundle; includeInIndex = 0; path = calendarTests.xctest; sourceTree = BUILT_PRODUCTS_DIR; };
		BFAAABCF1E778A28008EF199 /* calendarTests.swift */ = {isa = PBXFileReference; lastKnownFileType = sourcecode.swift; path = calendarTests.swift; sourceTree = "<group>"; };
		BFAAABD11E778A28008EF199 /* Info.plist */ = {isa = PBXFileReference; lastKnownFileType = text.plist.xml; path = Info.plist; sourceTree = "<group>"; };
		BFAAABD61E778A28008EF199 /* calendarUITests.xctest */ = {isa = PBXFileReference; explicitFileType = wrapper.cfbundle; includeInIndex = 0; path = calendarUITests.xctest; sourceTree = BUILT_PRODUCTS_DIR; };
		BFAAABDA1E778A28008EF199 /* calendarUITests.swift */ = {isa = PBXFileReference; lastKnownFileType = sourcecode.swift; path = calendarUITests.swift; sourceTree = "<group>"; };
		BFAAABDC1E778A28008EF199 /* Info.plist */ = {isa = PBXFileReference; lastKnownFileType = text.plist.xml; path = Info.plist; sourceTree = "<group>"; };
		BFE64C631EB5C3B600B68FB1 /* CalendarView.swift */ = {isa = PBXFileReference; fileEncoding = 4; lastKnownFileType = sourcecode.swift; path = CalendarView.swift; sourceTree = "<group>"; };
		C592C89B6EBFD23488D460C2 /* Pods-calendarUITests.debug.xcconfig */ = {isa = PBXFileReference; includeInIndex = 1; lastKnownFileType = text.xcconfig; name = "Pods-calendarUITests.debug.xcconfig"; path = "Pods/Target Support Files/Pods-calendarUITests/Pods-calendarUITests.debug.xcconfig"; sourceTree = "<group>"; };
		D92FB37953C7D44BE715379B /* Pods_calendarTests.framework */ = {isa = PBXFileReference; explicitFileType = wrapper.framework; includeInIndex = 0; path = Pods_calendarTests.framework; sourceTree = BUILT_PRODUCTS_DIR; };
		F44694CF3AF5780E0C64F9C2 /* Pods-calendarUITests.release.xcconfig */ = {isa = PBXFileReference; includeInIndex = 1; lastKnownFileType = text.xcconfig; name = "Pods-calendarUITests.release.xcconfig"; path = "Pods/Target Support Files/Pods-calendarUITests/Pods-calendarUITests.release.xcconfig"; sourceTree = "<group>"; };
/* End PBXFileReference section */

/* Begin PBXFrameworksBuildPhase section */
		BFAAABB41E778A28008EF199 /* Frameworks */ = {
			isa = PBXFrameworksBuildPhase;
			buildActionMask = 2147483647;
			files = (
				05D443C710B1EAA36FC50B79 /* Pods_calendar.framework in Frameworks */,
			);
			runOnlyForDeploymentPostprocessing = 0;
		};
		BFAAABC81E778A28008EF199 /* Frameworks */ = {
			isa = PBXFrameworksBuildPhase;
			buildActionMask = 2147483647;
			files = (
				A612A1CC4779420875FF80FF /* Pods_calendarTests.framework in Frameworks */,
			);
			runOnlyForDeploymentPostprocessing = 0;
		};
		BFAAABD31E778A28008EF199 /* Frameworks */ = {
			isa = PBXFrameworksBuildPhase;
			buildActionMask = 2147483647;
			files = (
				D9EB352666D7C51B6B945DCA /* Pods_calendarUITests.framework in Frameworks */,
			);
			runOnlyForDeploymentPostprocessing = 0;
		};
/* End PBXFrameworksBuildPhase section */

/* Begin PBXGroup section */
		BF9940FC1EBB73E0008A984B /* image */ = {
			isa = PBXGroup;
			children = (
				BF9940FF1EBB74AA008A984B /* setting.png */,
			);
			name = image;
			sourceTree = "<group>";
		};
		BFAAABAE1E778A28008EF199 = {
			isa = PBXGroup;
			children = (
				BF9940F51EBAC85E008A984B /* GoogleService-Info.plist */,
				BF9940F91EBAD66B008A984B /* Bridging-Header.h */,
				BFAAABB91E778A28008EF199 /* calendar */,
				BFAAABCE1E778A28008EF199 /* calendarTests */,
				BFAAABD91E778A28008EF199 /* calendarUITests */,
				BFAAABB81E778A28008EF199 /* Products */,
				F85961B5DF0294C2DE6DB94B /* Pods */,
				D57A0A79766DF140A88443F1 /* Frameworks */,
			);
			sourceTree = "<group>";
		};
		BFAAABB81E778A28008EF199 /* Products */ = {
			isa = PBXGroup;
			children = (
				BFAAABB71E778A28008EF199 /* calendar.app */,
				BFAAABCB1E778A28008EF199 /* calendarTests.xctest */,
				BFAAABD61E778A28008EF199 /* calendarUITests.xctest */,
			);
			name = Products;
			sourceTree = "<group>";
		};
		BFAAABB91E778A28008EF199 /* calendar */ = {
			isa = PBXGroup;
			children = (
				BF9940FC1EBB73E0008A984B /* image */,
				BFAAABBA1E778A28008EF199 /* AppDelegate.swift */,
				BFAAABBC1E778A28008EF199 /* ViewController.swift */,
				BF2E1C341E7790810085C9B5 /* DateManager.swift */,
				BFAAABBE1E778A28008EF199 /* Main.storyboard */,
				BFE64C631EB5C3B600B68FB1 /* CalendarView.swift */,
				BF2E1C2F1E778EAC0085C9B5 /* CalendarCollection.swift */,
				BF2E1C2E1E778EAC0085C9B5 /* CalendarCollectionViewCell.swift */,
				BF9842761EB78320004F2B6B /* CalendarTableView.swift */,
				BF9842781EB7A157004F2B6B /* TDBadgeCell.swift */,
				BF9941011EBB7744008A984B /* SettingViewController.swift */,
				BFAAABC11E778A28008EF199 /* Assets.xcassets */,
				BFAAABC31E778A28008EF199 /* LaunchScreen.storyboard */,
				BFAAABC61E778A28008EF199 /* Info.plist */,
			);
			path = calendar;
			sourceTree = "<group>";
		};
		BFAAABCE1E778A28008EF199 /* calendarTests */ = {
			isa = PBXGroup;
			children = (
				BFAAABCF1E778A28008EF199 /* calendarTests.swift */,
				BFAAABD11E778A28008EF199 /* Info.plist */,
			);
			path = calendarTests;
			sourceTree = "<group>";
		};
		BFAAABD91E778A28008EF199 /* calendarUITests */ = {
			isa = PBXGroup;
			children = (
				BFAAABDA1E778A28008EF199 /* calendarUITests.swift */,
				BFAAABDC1E778A28008EF199 /* Info.plist */,
			);
			path = calendarUITests;
			sourceTree = "<group>";
		};
		D57A0A79766DF140A88443F1 /* Frameworks */ = {
			isa = PBXGroup;
			children = (
				A8827EFB636FF90B4F2E62E2 /* Pods_calendar.framework */,
				D92FB37953C7D44BE715379B /* Pods_calendarTests.framework */,
				477D4BDBFDEA174BED4974BA /* Pods_calendarUITests.framework */,
			);
			name = Frameworks;
			sourceTree = "<group>";
		};
		F85961B5DF0294C2DE6DB94B /* Pods */ = {
			isa = PBXGroup;
			children = (
				95457239B96156ED18AE4C9B /* Pods-calendar.debug.xcconfig */,
				5DDF4158B5B3712B584484A0 /* Pods-calendar.release.xcconfig */,
				8EF4827D59C9D7BC35A21838 /* Pods-calendarTests.debug.xcconfig */,
				1B81F86F9BCCB6297A3D639C /* Pods-calendarTests.release.xcconfig */,
				C592C89B6EBFD23488D460C2 /* Pods-calendarUITests.debug.xcconfig */,
				F44694CF3AF5780E0C64F9C2 /* Pods-calendarUITests.release.xcconfig */,
			);
			name = Pods;
			sourceTree = "<group>";
		};
/* End PBXGroup section */

/* Begin PBXNativeTarget section */
		BFAAABB61E778A28008EF199 /* calendar */ = {
			isa = PBXNativeTarget;
			buildConfigurationList = BFAAABDF1E778A28008EF199 /* Build configuration list for PBXNativeTarget "calendar" */;
			buildPhases = (
				253248EA4A0308363E638C75 /* [CP] Check Pods Manifest.lock */,
				BFAAABB31E778A28008EF199 /* Sources */,
				BFAAABB41E778A28008EF199 /* Frameworks */,
				BFAAABB51E778A28008EF199 /* Resources */,
				B72F43689880FDAED1BF83B4 /* [CP] Embed Pods Frameworks */,
				D469F7E691FD1BDE493AECEF /* [CP] Copy Pods Resources */,
			);
			buildRules = (
			);
			dependencies = (
			);
			name = calendar;
			productName = calendar;
			productReference = BFAAABB71E778A28008EF199 /* calendar.app */;
			productType = "com.apple.product-type.application";
		};
		BFAAABCA1E778A28008EF199 /* calendarTests */ = {
			isa = PBXNativeTarget;
			buildConfigurationList = BFAAABE21E778A28008EF199 /* Build configuration list for PBXNativeTarget "calendarTests" */;
			buildPhases = (
				9043B735D71F72992E639726 /* [CP] Check Pods Manifest.lock */,
				BFAAABC71E778A28008EF199 /* Sources */,
				BFAAABC81E778A28008EF199 /* Frameworks */,
				BFAAABC91E778A28008EF199 /* Resources */,
				613A93DE0F8799ACD55D80DE /* [CP] Embed Pods Frameworks */,
				A1AF7938013CCF1DDF490DE9 /* [CP] Copy Pods Resources */,
			);
			buildRules = (
			);
			dependencies = (
				BFAAABCD1E778A28008EF199 /* PBXTargetDependency */,
			);
			name = calendarTests;
			productName = calendarTests;
			productReference = BFAAABCB1E778A28008EF199 /* calendarTests.xctest */;
			productType = "com.apple.product-type.bundle.unit-test";
		};
		BFAAABD51E778A28008EF199 /* calendarUITests */ = {
			isa = PBXNativeTarget;
			buildConfigurationList = BFAAABE51E778A28008EF199 /* Build configuration list for PBXNativeTarget "calendarUITests" */;
			buildPhases = (
				A8A4751FE254BD6C55119D27 /* [CP] Check Pods Manifest.lock */,
				BFAAABD21E778A28008EF199 /* Sources */,
				BFAAABD31E778A28008EF199 /* Frameworks */,
				BFAAABD41E778A28008EF199 /* Resources */,
				0DA888DD4076D81B64F55E07 /* [CP] Embed Pods Frameworks */,
				3E57411A339AEF2E5284CB8D /* [CP] Copy Pods Resources */,
			);
			buildRules = (
			);
			dependencies = (
				BFAAABD81E778A28008EF199 /* PBXTargetDependency */,
			);
			name = calendarUITests;
			productName = calendarUITests;
			productReference = BFAAABD61E778A28008EF199 /* calendarUITests.xctest */;
			productType = "com.apple.product-type.bundle.ui-testing";
		};
/* End PBXNativeTarget section */

/* Begin PBXProject section */
		BFAAABAF1E778A28008EF199 /* Project object */ = {
			isa = PBXProject;
			attributes = {
				LastSwiftUpdateCheck = 0820;
				LastUpgradeCheck = 0820;
				ORGANIZATIONNAME = tela;
				TargetAttributes = {
					BFAAABB61E778A28008EF199 = {
						CreatedOnToolsVersion = 8.2.1;
						DevelopmentTeam = GUK2A2565Q;
						ProvisioningStyle = Automatic;
					};
					BFAAABCA1E778A28008EF199 = {
						CreatedOnToolsVersion = 8.2.1;
						DevelopmentTeam = GUK2A2565Q;
						ProvisioningStyle = Automatic;
						TestTargetID = BFAAABB61E778A28008EF199;
					};
					BFAAABD51E778A28008EF199 = {
						CreatedOnToolsVersion = 8.2.1;
						DevelopmentTeam = GUK2A2565Q;
						ProvisioningStyle = Automatic;
						TestTargetID = BFAAABB61E778A28008EF199;
					};
				};
			};
			buildConfigurationList = BFAAABB21E778A28008EF199 /* Build configuration list for PBXProject "calendar" */;
			compatibilityVersion = "Xcode 3.2";
			developmentRegion = English;
			hasScannedForEncodings = 0;
			knownRegions = (
				en,
				Base,
			);
			mainGroup = BFAAABAE1E778A28008EF199;
			productRefGroup = BFAAABB81E778A28008EF199 /* Products */;
			projectDirPath = "";
			projectRoot = "";
			targets = (
				BFAAABB61E778A28008EF199 /* calendar */,
				BFAAABCA1E778A28008EF199 /* calendarTests */,
				BFAAABD51E778A28008EF199 /* calendarUITests */,
			);
		};
/* End PBXProject section */

/* Begin PBXResourcesBuildPhase section */
		BFAAABB51E778A28008EF199 /* Resources */ = {
			isa = PBXResourcesBuildPhase;
			buildActionMask = 2147483647;
			files = (
				BFAAABC51E778A28008EF199 /* LaunchScreen.storyboard in Resources */,
				BF9940F61EBAC85E008A984B /* GoogleService-Info.plist in Resources */,
				BFAAABC21E778A28008EF199 /* Assets.xcassets in Resources */,
				BF9941001EBB74AA008A984B /* setting.png in Resources */,
				BFAAABC01E778A28008EF199 /* Main.storyboard in Resources */,
			);
			runOnlyForDeploymentPostprocessing = 0;
		};
		BFAAABC91E778A28008EF199 /* Resources */ = {
			isa = PBXResourcesBuildPhase;
			buildActionMask = 2147483647;
			files = (
				BF9940F71EBAC85E008A984B /* GoogleService-Info.plist in Resources */,
			);
			runOnlyForDeploymentPostprocessing = 0;
		};
		BFAAABD41E778A28008EF199 /* Resources */ = {
			isa = PBXResourcesBuildPhase;
			buildActionMask = 2147483647;
			files = (
				BF9940F81EBAC85E008A984B /* GoogleService-Info.plist in Resources */,
			);
			runOnlyForDeploymentPostprocessing = 0;
		};
/* End PBXResourcesBuildPhase section */

/* Begin PBXShellScriptBuildPhase section */
		0DA888DD4076D81B64F55E07 /* [CP] Embed Pods Frameworks */ = {
			isa = PBXShellScriptBuildPhase;
			buildActionMask = 2147483647;
			files = (
			);
			inputPaths = (
			);
			name = "[CP] Embed Pods Frameworks";
			outputPaths = (
			);
			runOnlyForDeploymentPostprocessing = 0;
			shellPath = /bin/sh;
			shellScript = "\"${SRCROOT}/Pods/Target Support Files/Pods-calendarUITests/Pods-calendarUITests-frameworks.sh\"\n";
			showEnvVarsInLog = 0;
		};
		253248EA4A0308363E638C75 /* [CP] Check Pods Manifest.lock */ = {
			isa = PBXShellScriptBuildPhase;
			buildActionMask = 2147483647;
			files = (
			);
			inputPaths = (
			);
			name = "[CP] Check Pods Manifest.lock";
			outputPaths = (
			);
			runOnlyForDeploymentPostprocessing = 0;
			shellPath = /bin/sh;
			shellScript = "diff \"${PODS_PODFILE_DIR_PATH}/Podfile.lock\" \"${PODS_ROOT}/Manifest.lock\" > /dev/null\nif [ $? != 0 ] ; then\n    # print error to STDERR\n    echo \"error: The sandbox is not in sync with the Podfile.lock. Run 'pod install' or update your CocoaPods installation.\" >&2\n    exit 1\nfi\n";
			showEnvVarsInLog = 0;
		};
		3E57411A339AEF2E5284CB8D /* [CP] Copy Pods Resources */ = {
			isa = PBXShellScriptBuildPhase;
			buildActionMask = 2147483647;
			files = (
			);
			inputPaths = (
			);
			name = "[CP] Copy Pods Resources";
			outputPaths = (
			);
			runOnlyForDeploymentPostprocessing = 0;
			shellPath = /bin/sh;
			shellScript = "\"${SRCROOT}/Pods/Target Support Files/Pods-calendarUITests/Pods-calendarUITests-resources.sh\"\n";
			showEnvVarsInLog = 0;
		};
		613A93DE0F8799ACD55D80DE /* [CP] Embed Pods Frameworks */ = {
			isa = PBXShellScriptBuildPhase;
			buildActionMask = 2147483647;
			files = (
			);
			inputPaths = (
			);
			name = "[CP] Embed Pods Frameworks";
			outputPaths = (
			);
			runOnlyForDeploymentPostprocessing = 0;
			shellPath = /bin/sh;
			shellScript = "\"${SRCROOT}/Pods/Target Support Files/Pods-calendarTests/Pods-calendarTests-frameworks.sh\"\n";
			showEnvVarsInLog = 0;
		};
		9043B735D71F72992E639726 /* [CP] Check Pods Manifest.lock */ = {
			isa = PBXShellScriptBuildPhase;
			buildActionMask = 2147483647;
			files = (
			);
			inputPaths = (
			);
			name = "[CP] Check Pods Manifest.lock";
			outputPaths = (
			);
			runOnlyForDeploymentPostprocessing = 0;
			shellPath = /bin/sh;
			shellScript = "diff \"${PODS_PODFILE_DIR_PATH}/Podfile.lock\" \"${PODS_ROOT}/Manifest.lock\" > /dev/null\nif [ $? != 0 ] ; then\n    # print error to STDERR\n    echo \"error: The sandbox is not in sync with the Podfile.lock. Run 'pod install' or update your CocoaPods installation.\" >&2\n    exit 1\nfi\n";
			showEnvVarsInLog = 0;
		};
		A1AF7938013CCF1DDF490DE9 /* [CP] Copy Pods Resources */ = {
			isa = PBXShellScriptBuildPhase;
			buildActionMask = 2147483647;
			files = (
			);
			inputPaths = (
			);
			name = "[CP] Copy Pods Resources";
			outputPaths = (
			);
			runOnlyForDeploymentPostprocessing = 0;
			shellPath = /bin/sh;
			shellScript = "\"${SRCROOT}/Pods/Target Support Files/Pods-calendarTests/Pods-calendarTests-resources.sh\"\n";
			showEnvVarsInLog = 0;
		};
		A8A4751FE254BD6C55119D27 /* [CP] Check Pods Manifest.lock */ = {
			isa = PBXShellScriptBuildPhase;
			buildActionMask = 2147483647;
			files = (
			);
			inputPaths = (
			);
			name = "[CP] Check Pods Manifest.lock";
			outputPaths = (
			);
			runOnlyForDeploymentPostprocessing = 0;
			shellPath = /bin/sh;
			shellScript = "diff \"${PODS_PODFILE_DIR_PATH}/Podfile.lock\" \"${PODS_ROOT}/Manifest.lock\" > /dev/null\nif [ $? != 0 ] ; then\n    # print error to STDERR\n    echo \"error: The sandbox is not in sync with the Podfile.lock. Run 'pod install' or update your CocoaPods installation.\" >&2\n    exit 1\nfi\n";
			showEnvVarsInLog = 0;
		};
		B72F43689880FDAED1BF83B4 /* [CP] Embed Pods Frameworks */ = {
			isa = PBXShellScriptBuildPhase;
			buildActionMask = 2147483647;
			files = (
			);
			inputPaths = (
			);
			name = "[CP] Embed Pods Frameworks";
			outputPaths = (
			);
			runOnlyForDeploymentPostprocessing = 0;
			shellPath = /bin/sh;
			shellScript = "\"${SRCROOT}/Pods/Target Support Files/Pods-calendar/Pods-calendar-frameworks.sh\"\n";
			showEnvVarsInLog = 0;
		};
		D469F7E691FD1BDE493AECEF /* [CP] Copy Pods Resources */ = {
			isa = PBXShellScriptBuildPhase;
			buildActionMask = 2147483647;
			files = (
			);
			inputPaths = (
			);
			name = "[CP] Copy Pods Resources";
			outputPaths = (
			);
			runOnlyForDeploymentPostprocessing = 0;
			shellPath = /bin/sh;
			shellScript = "\"${SRCROOT}/Pods/Target Support Files/Pods-calendar/Pods-calendar-resources.sh\"\n";
			showEnvVarsInLog = 0;
		};
/* End PBXShellScriptBuildPhase section */

/* Begin PBXSourcesBuildPhase section */
		BFAAABB31E778A28008EF199 /* Sources */ = {
			isa = PBXSourcesBuildPhase;
			buildActionMask = 2147483647;
			files = (
				BF9842771EB78320004F2B6B /* CalendarTableView.swift in Sources */,
				BF2E1C301E778EAC0085C9B5 /* CalendarCollectionViewCell.swift in Sources */,
				BF2E1C351E7790810085C9B5 /* DateManager.swift in Sources */,
				BFE64C641EB5C3B600B68FB1 /* CalendarView.swift in Sources */,
				BF9842791EB7A157004F2B6B /* TDBadgeCell.swift in Sources */,
				BFAAABBD1E778A28008EF199 /* ViewController.swift in Sources */,
				BF9941021EBB7744008A984B /* SettingViewController.swift in Sources */,
				BF2E1C311E778EAC0085C9B5 /* CalendarCollection.swift in Sources */,
				BFAAABBB1E778A28008EF199 /* AppDelegate.swift in Sources */,
			);
			runOnlyForDeploymentPostprocessing = 0;
		};
		BFAAABC71E778A28008EF199 /* Sources */ = {
			isa = PBXSourcesBuildPhase;
			buildActionMask = 2147483647;
			files = (
				BFAAABD01E778A28008EF199 /* calendarTests.swift in Sources */,
			);
			runOnlyForDeploymentPostprocessing = 0;
		};
		BFAAABD21E778A28008EF199 /* Sources */ = {
			isa = PBXSourcesBuildPhase;
			buildActionMask = 2147483647;
			files = (
				BFAAABDB1E778A28008EF199 /* calendarUITests.swift in Sources */,
			);
			runOnlyForDeploymentPostprocessing = 0;
		};
/* End PBXSourcesBuildPhase section */

/* Begin PBXTargetDependency section */
		BFAAABCD1E778A28008EF199 /* PBXTargetDependency */ = {
			isa = PBXTargetDependency;
			target = BFAAABB61E778A28008EF199 /* calendar */;
			targetProxy = BFAAABCC1E778A28008EF199 /* PBXContainerItemProxy */;
		};
		BFAAABD81E778A28008EF199 /* PBXTargetDependency */ = {
			isa = PBXTargetDependency;
			target = BFAAABB61E778A28008EF199 /* calendar */;
			targetProxy = BFAAABD71E778A28008EF199 /* PBXContainerItemProxy */;
		};
/* End PBXTargetDependency section */

/* Begin PBXVariantGroup section */
		BFAAABBE1E778A28008EF199 /* Main.storyboard */ = {
			isa = PBXVariantGroup;
			children = (
				BFAAABBF1E778A28008EF199 /* Base */,
			);
			name = Main.storyboard;
			sourceTree = "<group>";
		};
		BFAAABC31E778A28008EF199 /* LaunchScreen.storyboard */ = {
			isa = PBXVariantGroup;
			children = (
				BFAAABC41E778A28008EF199 /* Base */,
			);
			name = LaunchScreen.storyboard;
			sourceTree = "<group>";
		};
/* End PBXVariantGroup section */

/* Begin XCBuildConfiguration section */
		BFAAABDD1E778A28008EF199 /* Debug */ = {
			isa = XCBuildConfiguration;
			buildSettings = {
				ALWAYS_SEARCH_USER_PATHS = NO;
				CLANG_ANALYZER_NONNULL = YES;
				CLANG_CXX_LANGUAGE_STANDARD = "gnu++0x";
				CLANG_CXX_LIBRARY = "libc++";
				CLANG_ENABLE_MODULES = YES;
				CLANG_ENABLE_OBJC_ARC = YES;
				CLANG_WARN_BOOL_CONVERSION = YES;
				CLANG_WARN_CONSTANT_CONVERSION = YES;
				CLANG_WARN_DIRECT_OBJC_ISA_USAGE = YES_ERROR;
				CLANG_WARN_DOCUMENTATION_COMMENTS = YES;
				CLANG_WARN_EMPTY_BODY = YES;
				CLANG_WARN_ENUM_CONVERSION = YES;
				CLANG_WARN_INFINITE_RECURSION = YES;
				CLANG_WARN_INT_CONVERSION = YES;
				CLANG_WARN_OBJC_ROOT_CLASS = YES_ERROR;
				CLANG_WARN_SUSPICIOUS_MOVE = YES;
				CLANG_WARN_UNREACHABLE_CODE = YES;
				CLANG_WARN__DUPLICATE_METHOD_MATCH = YES;
				"CODE_SIGN_IDENTITY[sdk=iphoneos*]" = "iPhone Developer";
				COPY_PHASE_STRIP = NO;
				DEBUG_INFORMATION_FORMAT = dwarf;
				ENABLE_STRICT_OBJC_MSGSEND = YES;
				ENABLE_TESTABILITY = YES;
				GCC_C_LANGUAGE_STANDARD = gnu99;
				GCC_DYNAMIC_NO_PIC = NO;
				GCC_NO_COMMON_BLOCKS = YES;
				GCC_OPTIMIZATION_LEVEL = 0;
				GCC_PREPROCESSOR_DEFINITIONS = (
					"DEBUG=1",
					"$(inherited)",
				);
				GCC_WARN_64_TO_32_BIT_CONVERSION = YES;
				GCC_WARN_ABOUT_RETURN_TYPE = YES_ERROR;
				GCC_WARN_UNDECLARED_SELECTOR = YES;
				GCC_WARN_UNINITIALIZED_AUTOS = YES_AGGRESSIVE;
				GCC_WARN_UNUSED_FUNCTION = YES;
				GCC_WARN_UNUSED_VARIABLE = YES;
				IPHONEOS_DEPLOYMENT_TARGET = 10.2;
				MTL_ENABLE_DEBUG_INFO = YES;
				ONLY_ACTIVE_ARCH = YES;
				SDKROOT = iphoneos;
				SWIFT_ACTIVE_COMPILATION_CONDITIONS = DEBUG;
				SWIFT_OPTIMIZATION_LEVEL = "-Onone";
				TARGETED_DEVICE_FAMILY = "1,2";
			};
			name = Debug;
		};
		BFAAABDE1E778A28008EF199 /* Release */ = {
			isa = XCBuildConfiguration;
			buildSettings = {
				ALWAYS_SEARCH_USER_PATHS = NO;
				CLANG_ANALYZER_NONNULL = YES;
				CLANG_CXX_LANGUAGE_STANDARD = "gnu++0x";
				CLANG_CXX_LIBRARY = "libc++";
				CLANG_ENABLE_MODULES = YES;
				CLANG_ENABLE_OBJC_ARC = YES;
				CLANG_WARN_BOOL_CONVERSION = YES;
				CLANG_WARN_CONSTANT_CONVERSION = YES;
				CLANG_WARN_DIRECT_OBJC_ISA_USAGE = YES_ERROR;
				CLANG_WARN_DOCUMENTATION_COMMENTS = YES;
				CLANG_WARN_EMPTY_BODY = YES;
				CLANG_WARN_ENUM_CONVERSION = YES;
				CLANG_WARN_INFINITE_RECURSION = YES;
				CLANG_WARN_INT_CONVERSION = YES;
				CLANG_WARN_OBJC_ROOT_CLASS = YES_ERROR;
				CLANG_WARN_SUSPICIOUS_MOVE = YES;
				CLANG_WARN_UNREACHABLE_CODE = YES;
				CLANG_WARN__DUPLICATE_METHOD_MATCH = YES;
				"CODE_SIGN_IDENTITY[sdk=iphoneos*]" = "iPhone Developer";
				COPY_PHASE_STRIP = NO;
				DEBUG_INFORMATION_FORMAT = "dwarf-with-dsym";
				ENABLE_NS_ASSERTIONS = NO;
				ENABLE_STRICT_OBJC_MSGSEND = YES;
				GCC_C_LANGUAGE_STANDARD = gnu99;
				GCC_NO_COMMON_BLOCKS = YES;
				GCC_WARN_64_TO_32_BIT_CONVERSION = YES;
				GCC_WARN_ABOUT_RETURN_TYPE = YES_ERROR;
				GCC_WARN_UNDECLARED_SELECTOR = YES;
				GCC_WARN_UNINITIALIZED_AUTOS = YES_AGGRESSIVE;
				GCC_WARN_UNUSED_FUNCTION = YES;
				GCC_WARN_UNUSED_VARIABLE = YES;
				IPHONEOS_DEPLOYMENT_TARGET = 10.2;
				MTL_ENABLE_DEBUG_INFO = NO;
				SDKROOT = iphoneos;
				SWIFT_OPTIMIZATION_LEVEL = "-Owholemodule";
				TARGETED_DEVICE_FAMILY = "1,2";
				VALIDATE_PRODUCT = YES;
			};
			name = Release;
		};
		BFAAABE01E778A28008EF199 /* Debug */ = {
			isa = XCBuildConfiguration;
			baseConfigurationReference = 95457239B96156ED18AE4C9B /* Pods-calendar.debug.xcconfig */;
			buildSettings = {
				ASSETCATALOG_COMPILER_APPICON_NAME = AppIcon;
				DEVELOPMENT_TEAM = GUK2A2565Q;
				INFOPLIST_FILE = calendar/Info.plist;
				LD_RUNPATH_SEARCH_PATHS = "$(inherited) @executable_path/Frameworks";
				PRODUCT_BUNDLE_IDENTIFIER = tela.calendar;
				PRODUCT_NAME = "$(TARGET_NAME)";
				SWIFT_VERSION = 3.0;
			};
			name = Debug;
		};
		BFAAABE11E778A28008EF199 /* Release */ = {
			isa = XCBuildConfiguration;
			baseConfigurationReference = 5DDF4158B5B3712B584484A0 /* Pods-calendar.release.xcconfig */;
			buildSettings = {
				ASSETCATALOG_COMPILER_APPICON_NAME = AppIcon;
				DEVELOPMENT_TEAM = GUK2A2565Q;
				INFOPLIST_FILE = calendar/Info.plist;
				LD_RUNPATH_SEARCH_PATHS = "$(inherited) @executable_path/Frameworks";
				PRODUCT_BUNDLE_IDENTIFIER = tela.calendar;
				PRODUCT_NAME = "$(TARGET_NAME)";
				SWIFT_VERSION = 3.0;
			};
			name = Release;
		};
		BFAAABE31E778A28008EF199 /* Debug */ = {
			isa = XCBuildConfiguration;
			baseConfigurationReference = 8EF4827D59C9D7BC35A21838 /* Pods-calendarTests.debug.xcconfig */;
			buildSettings = {
				ALWAYS_EMBED_SWIFT_STANDARD_LIBRARIES = YES;
				BUNDLE_LOADER = "$(TEST_HOST)";
				DEVELOPMENT_TEAM = GUK2A2565Q;
				INFOPLIST_FILE = calendarTests/Info.plist;
				LD_RUNPATH_SEARCH_PATHS = "$(inherited) @executable_path/Frameworks @loader_path/Frameworks";
				PRODUCT_BUNDLE_IDENTIFIER = tela.calendarTests;
				PRODUCT_NAME = "$(TARGET_NAME)";
				SWIFT_VERSION = 3.0;
				TEST_HOST = "$(BUILT_PRODUCTS_DIR)/calendar.app/calendar";
			};
			name = Debug;
		};
		BFAAABE41E778A28008EF199 /* Release */ = {
			isa = XCBuildConfiguration;
			baseConfigurationReference = 1B81F86F9BCCB6297A3D639C /* Pods-calendarTests.release.xcconfig */;
			buildSettings = {
				ALWAYS_EMBED_SWIFT_STANDARD_LIBRARIES = YES;
				BUNDLE_LOADER = "$(TEST_HOST)";
				DEVELOPMENT_TEAM = GUK2A2565Q;
				INFOPLIST_FILE = calendarTests/Info.plist;
				LD_RUNPATH_SEARCH_PATHS = "$(inherited) @executable_path/Frameworks @loader_path/Frameworks";
				PRODUCT_BUNDLE_IDENTIFIER = tela.calendarTests;
				PRODUCT_NAME = "$(TARGET_NAME)";
				SWIFT_VERSION = 3.0;
				TEST_HOST = "$(BUILT_PRODUCTS_DIR)/calendar.app/calendar";
			};
			name = Release;
		};
		BFAAABE61E778A28008EF199 /* Debug */ = {
			isa = XCBuildConfiguration;
			baseConfigurationReference = C592C89B6EBFD23488D460C2 /* Pods-calendarUITests.debug.xcconfig */;
			buildSettings = {
				ALWAYS_EMBED_SWIFT_STANDARD_LIBRARIES = YES;
				DEVELOPMENT_TEAM = GUK2A2565Q;
				INFOPLIST_FILE = calendarUITests/Info.plist;
				LD_RUNPATH_SEARCH_PATHS = "$(inherited) @executable_path/Frameworks @loader_path/Frameworks";
				PRODUCT_BUNDLE_IDENTIFIER = tela.calendarUITests;
				PRODUCT_NAME = "$(TARGET_NAME)";
				SWIFT_VERSION = 3.0;
				TEST_TARGET_NAME = calendar;
			};
			name = Debug;
		};
		BFAAABE71E778A28008EF199 /* Release */ = {
			isa = XCBuildConfiguration;
			baseConfigurationReference = F44694CF3AF5780E0C64F9C2 /* Pods-calendarUITests.release.xcconfig */;
			buildSettings = {
				ALWAYS_EMBED_SWIFT_STANDARD_LIBRARIES = YES;
				DEVELOPMENT_TEAM = GUK2A2565Q;
				INFOPLIST_FILE = calendarUITests/Info.plist;
				LD_RUNPATH_SEARCH_PATHS = "$(inherited) @executable_path/Frameworks @loader_path/Frameworks";
				PRODUCT_BUNDLE_IDENTIFIER = tela.calendarUITests;
				PRODUCT_NAME = "$(TARGET_NAME)";
				SWIFT_VERSION = 3.0;
				TEST_TARGET_NAME = calendar;
			};
			name = Release;
		};
/* End XCBuildConfiguration section */

/* Begin XCConfigurationList section */
		BFAAABB21E778A28008EF199 /* Build configuration list for PBXProject "calendar" */ = {
			isa = XCConfigurationList;
			buildConfigurations = (
				BFAAABDD1E778A28008EF199 /* Debug */,
				BFAAABDE1E778A28008EF199 /* Release */,
			);
			defaultConfigurationIsVisible = 0;
			defaultConfigurationName = Release;
		};
		BFAAABDF1E778A28008EF199 /* Build configuration list for PBXNativeTarget "calendar" */ = {
			isa = XCConfigurationList;
			buildConfigurations = (
				BFAAABE01E778A28008EF199 /* Debug */,
				BFAAABE11E778A28008EF199 /* Release */,
			);
			defaultConfigurationIsVisible = 0;
			defaultConfigurationName = Release;
		};
		BFAAABE21E778A28008EF199 /* Build configuration list for PBXNativeTarget "calendarTests" */ = {
			isa = XCConfigurationList;
			buildConfigurations = (
				BFAAABE31E778A28008EF199 /* Debug */,
				BFAAABE41E778A28008EF199 /* Release */,
			);
			defaultConfigurationIsVisible = 0;
			defaultConfigurationName = Release;
		};
		BFAAABE51E778A28008EF199 /* Build configuration list for PBXNativeTarget "calendarUITests" */ = {
			isa = XCConfigurationList;
			buildConfigurations = (
				BFAAABE61E778A28008EF199 /* Debug */,
				BFAAABE71E778A28008EF199 /* Release */,
			);
			defaultConfigurationIsVisible = 0;
			defaultConfigurationName = Release;
		};
/* End XCConfigurationList section */
	};
	rootObject = BFAAABAF1E778A28008EF199 /* Project object */;
}
